
Microsoft Visual Studio Solution File, Format Version 12.00
# Visual Studio Version 17
VisualStudioVersion = 17.0.31903.59
MinimumVisualStudioVersion = 10.0.40219.1
Project("{2150E333-8FDC-42A3-9474-1A3956D46DE8}") = "src", "src", "{827E0CD3-B72D-47B6-A68D-7590B98EB39B}"
EndProject
Project("{FAE04EC0-301F-11D3-BF4B-00C04F79EFBC}") = "TopicManager.Extensions", "src\TopicManager.Extensions\TopicManager.Extensions.csproj", "{087D20A9-40D8-4D54-B03B-081C8EF5DBD9}"
EndProject
Project("{FAE04EC0-301F-11D3-BF4B-00C04F79EFBC}") = "AggregationEngine.Sample", "samples\AggregationEngine.Sample\AggregationEngine.Sample.csproj", "{01E66E7F-C273-49FF-85D0-CE24B05D5CF9}"
EndProject
Project("{FAE04EC0-301F-11D3-BF4B-00C04F79EFBC}") = "AggregationEngine.ReflectionSample", "samples\AggregationEngine.ReflectionSample\AggregationEngine.ReflectionSample.csproj", "{0FB5E996-A2B8-4810-8571-D2C0B4A26314}"
EndProject
Project("{FAE04EC0-301F-11D3-BF4B-00C04F79EFBC}") = "AggregationEngine.Benchmarks", "benchmarks\AggregationEngine.Benchmarks\AggregationEngine.Benchmarks.csproj", "{EBEC3346-9057-4222-BE39-AA29DF6475BB}"
EndProject
Project("{2150E333-8FDC-42A3-9474-1A3956D46DE8}") = "samples", "samples", "{5D20AA90-6969-D8BD-9DCD-8634F4692FDA}"
EndProject
Project("{FAE04EC0-301F-11D3-BF4B-00C04F79EFBC}") = "AggregationEngine.JsonSample", "samples\AggregationEngine.JsonSample\AggregationEngine.JsonSample.csproj", "{2A2618A9-F92D-44C2-B173-434B20409A82}"
EndProject
Project("{2150E333-8FDC-42A3-9474-1A3956D46DE8}") = "tools", "tools", "{07C2787E-EAC7-C090-1BA3-A61EC2A24D84}"
EndProject
Project("{FAE04EC0-301F-11D3-BF4B-00C04F79EFBC}") = "AggregationEngine.ModuleDesigner.Core", "tools\AggregationEngine.ModuleDesigner.Core\AggregationEngine.ModuleDesigner.Core.csproj", "{07064563-CBC1-4848-B65E-D382855276B7}"
EndProject
Project("{FAE04EC0-301F-11D3-BF4B-00C04F79EFBC}") = "AggregationEngine.ModuleDesigner", "tools\AggregationEngine.ModuleDesigner\AggregationEngine.ModuleDesigner.csproj", "{D351E171-CDC5-4D19-AAD8-6B2E48CC2FDE}"
EndProject
Project("{FAE04EC0-301F-11D3-BF4B-00C04F79EFBC}") = "AggregationEngine.ModuleDesigner.Verify", "tools\AggregationEngine.ModuleDesigner.Verify\AggregationEngine.ModuleDesigner.Verify.csproj", "{5ACBF39A-3C00-4586-9A5C-F853634712FF}"
EndProject
Project("{2150E333-8FDC-42A3-9474-1A3956D46DE8}") = "benchmarks", "benchmarks", "{66320409-64EC-F7C5-3DEF-65E7510DAAD1}"
EndProject
Project("{FAE04EC0-301F-11D3-BF4B-00C04F79EFBC}") = "AggregationEngine.ScalabilityStudy", "benchmarks\AggregationEngine.ScalabilityStudy\AggregationEngine.ScalabilityStudy.csproj", "{673AB067-7B39-44BC-80E7-252EFDAA1FA2}"
EndProject
Global
	GlobalSection(SolutionConfigurationPlatforms) = preSolution
		Debug|Any CPU = Debug|Any CPU
		Debug|x64 = Debug|x64
		Debug|x86 = Debug|x86
		Release|Any CPU = Release|Any CPU
		Release|x64 = Release|x64
		Release|x86 = Release|x86
	EndGlobalSection
	GlobalSection(ProjectConfigurationPlatforms) = postSolution
		{087D20A9-40D8-4D54-B03B-081C8EF5DBD9}.Debug|Any CPU.ActiveCfg = Debug|Any CPU
		{087D20A9-40D8-4D54-B03B-081C8EF5DBD9}.Debug|Any CPU.Build.0 = Debug|Any CPU
		{087D20A9-40D8-4D54-B03B-081C8EF5DBD9}.Debug|x64.ActiveCfg = Debug|Any CPU
		{087D20A9-40D8-4D54-B03B-081C8EF5DBD9}.Debug|x64.Build.0 = Debug|Any CPU
		{087D20A9-40D8-4D54-B03B-081C8EF5DBD9}.Debug|x86.ActiveCfg = Debug|Any CPU
		{087D20A9-40D8-4D54-B03B-081C8EF5DBD9}.Debug|x86.Build.0 = Debug|Any CPU
		{087D20A9-40D8-4D54-B03B-081C8EF5DBD9}.Release|Any CPU.ActiveCfg = Release|Any CPU
		{087D20A9-40D8-4D54-B03B-081C8EF5DBD9}.Release|Any CPU.Build.0 = Release|Any CPU
		{087D20A9-40D8-4D54-B03B-081C8EF5DBD9}.Release|x64.ActiveCfg = Release|Any CPU
		{087D20A9-40D8-4D54-B03B-081C8EF5DBD9}.Release|x64.Build.0 = Release|Any CPU
		{087D20A9-40D8-4D54-B03B-081C8EF5DBD9}.Release|x86.ActiveCfg = Release|Any CPU
		{087D20A9-40D8-4D54-B03B-081C8EF5DBD9}.Release|x86.Build.0 = Release|Any CPU
		{01E66E7F-C273-49FF-85D0-CE24B05D5CF9}.Debug|Any CPU.ActiveCfg = Debug|Any CPU
		{01E66E7F-C273-49FF-85D0-CE24B05D5CF9}.Debug|Any CPU.Build.0 = Debug|Any CPU
		{01E66E7F-C273-49FF-85D0-CE24B05D5CF9}.Debug|x64.ActiveCfg = Debug|Any CPU
		{01E66E7F-C273-49FF-85D0-CE24B05D5CF9}.Debug|x64.Build.0 = Debug|Any CPU
		{01E66E7F-C273-49FF-85D0-CE24B05D5CF9}.Debug|x86.ActiveCfg = Debug|Any CPU
		{01E66E7F-C273-49FF-85D0-CE24B05D5CF9}.Debug|x86.Build.0 = Debug|Any CPU
		{01E66E7F-C273-49FF-85D0-CE24B05D5CF9}.Release|Any CPU.ActiveCfg = Release|Any CPU
		{01E66E7F-C273-49FF-85D0-CE24B05D5CF9}.Release|Any CPU.Build.0 = Release|Any CPU
		{01E66E7F-C273-49FF-85D0-CE24B05D5CF9}.Release|x64.ActiveCfg = Release|Any CPU
		{01E66E7F-C273-49FF-85D0-CE24B05D5CF9}.Release|x64.Build.0 = Release|Any CPU
		{01E66E7F-C273-49FF-85D0-CE24B05D5CF9}.Release|x86.ActiveCfg = Release|Any CPU
		{01E66E7F-C273-49FF-85D0-CE24B05D5CF9}.Release|x86.Build.0 = Release|Any CPU
		{0FB5E996-A2B8-4810-8571-D2C0B4A26314}.Debug|Any CPU.ActiveCfg = Debug|Any CPU
		{0FB5E996-A2B8-4810-8571-D2C0B4A26314}.Debug|Any CPU.Build.0 = Debug|Any CPU
		{0FB5E996-A2B8-4810-8571-D2C0B4A26314}.Debug|x64.ActiveCfg = Debug|Any CPU
		{0FB5E996-A2B8-4810-8571-D2C0B4A26314}.Debug|x64.Build.0 = Debug|Any CPU
		{0FB5E996-A2B8-4810-8571-D2C0B4A26314}.Debug|x86.ActiveCfg = Debug|Any CPU
		{0FB5E996-A2B8-4810-8571-D2C0B4A26314}.Debug|x86.Build.0 = Debug|Any CPU
		{0FB5E996-A2B8-4810-8571-D2C0B4A26314}.Release|Any CPU.ActiveCfg = Release|Any CPU
		{0FB5E996-A2B8-4810-8571-D2C0B4A26314}.Release|Any CPU.Build.0 = Release|Any CPU
		{0FB5E996-A2B8-4810-8571-D2C0B4A26314}.Release|x64.ActiveCfg = Release|Any CPU
		{0FB5E996-A2B8-4810-8571-D2C0B4A26314}.Release|x64.Build.0 = Release|Any CPU
		{0FB5E996-A2B8-4810-8571-D2C0B4A26314}.Release|x86.ActiveCfg = Release|Any CPU
		{0FB5E996-A2B8-4810-8571-D2C0B4A26314}.Release|x86.Build.0 = Release|Any CPU
		{EBEC3346-9057-4222-BE39-AA29DF6475BB}.Debug|Any CPU.ActiveCfg = Debug|Any CPU
		{EBEC3346-9057-4222-BE39-AA29DF6475BB}.Debug|Any CPU.Build.0 = Debug|Any CPU
		{EBEC3346-9057-4222-BE39-AA29DF6475BB}.Debug|x64.ActiveCfg = Debug|Any CPU
		{EBEC3346-9057-4222-BE39-AA29DF6475BB}.Debug|x64.Build.0 = Debug|Any CPU
		{EBEC3346-9057-4222-BE39-AA29DF6475BB}.Debug|x86.ActiveCfg = Debug|Any CPU
		{EBEC3346-9057-4222-BE39-AA29DF6475BB}.Debug|x86.Build.0 = Debug|Any CPU
		{EBEC3346-9057-4222-BE39-AA29DF6475BB}.Release|Any CPU.ActiveCfg = Release|Any CPU
		{EBEC3346-9057-4222-BE39-AA29DF6475BB}.Release|Any CPU.Build.0 = Release|Any CPU
		{EBEC3346-9057-4222-BE39-AA29DF6475BB}.Release|x64.ActiveCfg = Release|Any CPU
		{EBEC3346-9057-4222-BE39-AA29DF6475BB}.Release|x64.Build.0 = Release|Any CPU
		{EBEC3346-9057-4222-BE39-AA29DF6475BB}.Release|x86.ActiveCfg = Release|Any CPU
		{EBEC3346-9057-4222-BE39-AA29DF6475BB}.Release|x86.Build.0 = Release|Any CPU
		{2A2618A9-F92D-44C2-B173-434B20409A82}.Debug|Any CPU.ActiveCfg = Debug|Any CPU
		{2A2618A9-F92D-44C2-B173-434B20409A82}.Debug|Any CPU.Build.0 = Debug|Any CPU
		{2A2618A9-F92D-44C2-B173-434B20409A82}.Debug|x64.ActiveCfg = Debug|Any CPU
		{2A2618A9-F92D-44C2-B173-434B20409A82}.Debug|x64.Build.0 = Debug|Any CPU
		{2A2618A9-F92D-44C2-B173-434B20409A82}.Debug|x86.ActiveCfg = Debug|Any CPU
		{2A2618A9-F92D-44C2-B173-434B20409A82}.Debug|x86.Build.0 = Debug|Any CPU
		{2A2618A9-F92D-44C2-B173-434B20409A82}.Release|Any CPU.ActiveCfg = Release|Any CPU
		{2A2618A9-F92D-44C2-B173-434B20409A82}.Release|Any CPU.Build.0 = Release|Any CPU
		{2A2618A9-F92D-44C2-B173-434B20409A82}.Release|x64.ActiveCfg = Release|Any CPU
		{2A2618A9-F92D-44C2-B173-434B20409A82}.Release|x64.Build.0 = Release|Any CPU
		{2A2618A9-F92D-44C2-B173-434B20409A82}.Release|x86.ActiveCfg = Release|Any CPU
		{2A2618A9-F92D-44C2-B173-434B20409A82}.Release|x86.Build.0 = Release|Any CPU
		{07064563-CBC1-4848-B65E-D382855276B7}.Debug|Any CPU.ActiveCfg = Debug|Any CPU
		{07064563-CBC1-4848-B65E-D382855276B7}.Debug|Any CPU.Build.0 = Debug|Any CPU
		{07064563-CBC1-4848-B65E-D382855276B7}.Debug|x64.ActiveCfg = Debug|Any CPU
		{07064563-CBC1-4848-B65E-D382855276B7}.Debug|x64.Build.0 = Debug|Any CPU
		{07064563-CBC1-4848-B65E-D382855276B7}.Debug|x86.ActiveCfg = Debug|Any CPU
		{07064563-CBC1-4848-B65E-D382855276B7}.Debug|x86.Build.0 = Debug|Any CPU
		{07064563-CBC1-4848-B65E-D382855276B7}.Release|Any CPU.ActiveCfg = Release|Any CPU
		{07064563-CBC1-4848-B65E-D382855276B7}.Release|Any CPU.Build.0 = Release|Any CPU
		{07064563-CBC1-4848-B65E-D382855276B7}.Release|x64.ActiveCfg = Release|Any CPU
		{07064563-CBC1-4848-B65E-D382855276B7}.Release|x64.Build.0 = Release|Any CPU
		{07064563-CBC1-4848-B65E-D382855276B7}.Release|x86.ActiveCfg = Release|Any CPU
		{07064563-CBC1-4848-B65E-D382855276B7}.Release|x86.Build.0 = Release|Any CPU
		{D351E171-CDC5-4D19-AAD8-6B2E48CC2FDE}.Debug|Any CPU.ActiveCfg = Debug|Any CPU
		{D351E171-CDC5-4D19-AAD8-6B2E48CC2FDE}.Debug|Any CPU.Build.0 = Debug|Any CPU
		{D351E171-CDC5-4D19-AAD8-6B2E48CC2FDE}.Debug|x64.ActiveCfg = Debug|Any CPU
		{D351E171-CDC5-4D19-AAD8-6B2E48CC2FDE}.Debug|x64.Build.0 = Debug|Any CPU
		{D351E171-CDC5-4D19-AAD8-6B2E48CC2FDE}.Debug|x86.ActiveCfg = Debug|Any CPU
		{D351E171-CDC5-4D19-AAD8-6B2E48CC2FDE}.Debug|x86.Build.0 = Debug|Any CPU
		{D351E171-CDC5-4D19-AAD8-6B2E48CC2FDE}.Release|Any CPU.ActiveCfg = Release|Any CPU
		{D351E171-CDC5-4D19-AAD8-6B2E48CC2FDE}.Release|Any CPU.Build.0 = Release|Any CPU
		{D351E171-CDC5-4D19-AAD8-6B2E48CC2FDE}.Release|x64.ActiveCfg = Release|Any CPU
		{D351E171-CDC5-4D19-AAD8-6B2E48CC2FDE}.Release|x64.Build.0 = Release|Any CPU
		{D351E171-CDC5-4D19-AAD8-6B2E48CC2FDE}.Release|x86.ActiveCfg = Release|Any CPU
		{D351E171-CDC5-4D19-AAD8-6B2E48CC2FDE}.Release|x86.Build.0 = Release|Any CPU
		{5ACBF39A-3C00-4586-9A5C-F853634712FF}.Debug|Any CPU.ActiveCfg = Debug|Any CPU
		{5ACBF39A-3C00-4586-9A5C-F853634712FF}.Debug|Any CPU.Build.0 = Debug|Any CPU
		{5ACBF39A-3C00-4586-9A5C-F853634712FF}.Debug|x64.ActiveCfg = Debug|Any CPU
		{5ACBF39A-3C00-4586-9A5C-F853634712FF}.Debug|x64.Build.0 = Debug|Any CPU
		{5ACBF39A-3C00-4586-9A5C-F853634712FF}.Debug|x86.ActiveCfg = Debug|Any CPU
		{5ACBF39A-3C00-4586-9A5C-F853634712FF}.Debug|x86.Build.0 = Debug|Any CPU
		{5ACBF39A-3C00-4586-9A5C-F853634712FF}.Release|Any CPU.ActiveCfg = Release|Any CPU
		{5ACBF39A-3C00-4586-9A5C-F853634712FF}.Release|Any CPU.Build.0 = Release|Any CPU
		{5ACBF39A-3C00-4586-9A5C-F853634712FF}.Release|x64.ActiveCfg = Release|Any CPU
		{5ACBF39A-3C00-4586-9A5C-F853634712FF}.Release|x64.Build.0 = Release|Any CPU
		{5ACBF39A-3C00-4586-9A5C-F853634712FF}.Release|x86.ActiveCfg = Release|Any CPU
		{5ACBF39A-3C00-4586-9A5C-F853634712FF}.Release|x86.Build.0 = Release|Any CPU
		{673AB067-7B39-44BC-80E7-252EFDAA1FA2}.Debug|Any CPU.ActiveCfg = Debug|Any CPU
		{673AB067-7B39-44BC-80E7-252EFDAA1FA2}.Debug|Any CPU.Build.0 = Debug|Any CPU
		{673AB067-7B39-44BC-80E7-252EFDAA1FA2}.Debug|x64.ActiveCfg = Debug|Any CPU
		{673AB067-7B39-44BC-80E7-252EFDAA1FA2}.Debug|x64.Build.0 = Debug|Any CPU
		{673AB067-7B39-44BC-80E7-252EFDAA1FA2}.Debug|x86.ActiveCfg = Debug|Any CPU
		{673AB067-7B39-44BC-80E7-252EFDAA1FA2}.Debug|x86.Build.0 = Debug|Any CPU
		{673AB067-7B39-44BC-80E7-252EFDAA1FA2}.Release|Any CPU.ActiveCfg = Release|Any CPU
		{673AB067-7B39-44BC-80E7-252EFDAA1FA2}.Release|Any CPU.Build.0 = Release|Any CPU
		{673AB067-7B39-44BC-80E7-252EFDAA1FA2}.Release|x64.ActiveCfg = Release|Any CPU
		{673AB067-7B39-44BC-80E7-252EFDAA1FA2}.Release|x64.Build.0 = Release|Any CPU
		{673AB067-7B39-44BC-80E7-252EFDAA1FA2}.Release|x86.ActiveCfg = Release|Any CPU
		{673AB067-7B39-44BC-80E7-252EFDAA1FA2}.Release|x86.Build.0 = Release|Any CPU
	EndGlobalSection
	GlobalSection(SolutionProperties) = preSolution
		HideSolutionNode = FALSE
	EndGlobalSection
	GlobalSection(NestedProjects) = preSolution
		{087D20A9-40D8-4D54-B03B-081C8EF5DBD9} = {827E0CD3-B72D-47B6-A68D-7590B98EB39B}
		{01E66E7F-C273-49FF-85D0-CE24B05D5CF9} = {827E0CD3-B72D-47B6-A68D-7590B98EB39B}
		{0FB5E996-A2B8-4810-8571-D2C0B4A26314} = {827E0CD3-B72D-47B6-A68D-7590B98EB39B}
		{EBEC3346-9057-4222-BE39-AA29DF6475BB} = {827E0CD3-B72D-47B6-A68D-7590B98EB39B}
		{2A2618A9-F92D-44C2-B173-434B20409A82} = {5D20AA90-6969-D8BD-9DCD-8634F4692FDA}
		{07064563-CBC1-4848-B65E-D382855276B7} = {07C2787E-EAC7-C090-1BA3-A61EC2A24D84}
		{D351E171-CDC5-4D19-AAD8-6B2E48CC2FDE} = {07C2787E-EAC7-C090-1BA3-A61EC2A24D84}
		{5ACBF39A-3C00-4586-9A5C-F853634712FF} = {07C2787E-EAC7-C090-1BA3-A61EC2A24D84}
		{673AB067-7B39-44BC-80E7-252EFDAA1FA2} = {66320409-64EC-F7C5-3DEF-65E7510DAAD1}
	EndGlobalSection
EndGlobal
